{
  "name": "threejson",
  "version": "0.1.0-alpha.0",
  "lockfileVersion": 3,
  "requires": true,
  "packages": {
    "": {
      "name": "threejson",
      "version": "0.1.0-alpha.0",
      "license": "MIT",
      "dependencies": {
        "fflate": "^0.8.3",
        "gifuct-js": "^2.1.2",
        "three-bvh-csg": "^0.0.18",
        "troika-three-text": "^0.52.4"
      },
      "devDependencies": {
        "@dimforge/rapier3d-compat": "^0.19.3",
        "@tweenjs/tween.js": "^25.0.0",
        "html2canvas-pro": "^2.0.0",
        "three": "^0.184.0",
        "three-mesh-bvh": "^0.9.10"
      },
      "engines": {
        "node": ">=24.0.0"
      },
      "peerDependencies": {
        "@dimforge/rapier3d-compat": "^0.19.3",
        "@tweenjs/tween.js": "^25.0.0",
        "echarts": "^5.5.0",
        "html2canvas-pro": "^2.0.0",
        "three": ">=0.179.0"
      },
      "peerDependenciesMeta": {
        "@dimforge/rapier3d-compat": {
          "optional": true
        },
        "echarts": {
          "optional": true
        }
      }
    },
    "node_modules/@dimforge/rapier3d-compat": {
      "version": "0.19.3",
      "resolved": "https://registry.npmjs.org/@dimforge/rapier3d-compat/-/rapier3d-compat-0.19.3.tgz",
      "integrity": "sha512-mMVdSj1PRTT108s9Swbu2GQOmHbn8kbJANRV5xfczL3s0T4vkgZAuoMRgvBzQcHanpKusbC0ZJj6z3mC3aj3vg==",
      "dev": true,
      "license": "Apache-2.0"
    },
    "node_modules/@tweenjs/tween.js": {
      "version": "25.0.0",
      "resolved": "https://registry.npmjs.org/@tweenjs/tween.js/-/tween.js-25.0.0.tgz",
      "integrity": "sha512-XKLA6syeBUaPzx4j3qwMqzzq+V4uo72BnlbOjmuljLrRqdsd3qnzvZZoxvMHZ23ndsRS4aufU6JOZYpCbU6T1A==",
      "dev": true,
      "license": "MIT"
    },
    "node_modules/base64-arraybuffer": {
      "version": "1.0.2",
      "resolved": "https://registry.npmmirror.com/base64-arraybuffer/-/base64-arraybuffer-1.0.2.tgz",
      "integrity": "sha512-I3yl4r9QB5ZRY3XuJVEPfc2XhZO6YweFPI+UovAzn+8/hb3oJ6lnysaFcjVpkCPfVWFUDvoZ8kmVDP7WyRtYtQ==",
      "dev": true,
      "engines": {
        "node": ">= 0.6.0"
      }
    },
    "node_modules/bidi-js": {
      "version": "1.0.3",
      "resolved": "https://registry.npmjs.org/bidi-js/-/bidi-js-1.0.3.tgz",
      "integrity": "sha512-RKshQI1R3YQ+n9YJz2QQ147P66ELpa1FQEg20Dk8oW9t2KgLbpDLLp9aGZ7y8WHSshDknG0bknqGw5/tyCs5tw==",
      "license": "MIT",
      "dependencies": {
        "require-from-string": "^2.0.2"
      }
    },
    "node_modules/css-line-break": {
      "version": "2.1.0",
      "resolved": "https://registry.npmmirror.com/css-line-break/-/css-line-break-2.1.0.tgz",
      "integrity": "sha512-FHcKFCZcAha3LwfVBhCQbW2nCNbkZXn7KVUJcsT5/P8YmfsVja0FMPJr0B903j/E69HUphKiV9iQArX8SDYA4w==",
      "dev": true,
      "dependencies": {
        "utrie": "^1.0.2"
      }
    },
    "node_modules/fflate": {
      "version": "0.8.3",
      "resolved": "https://registry.npmjs.org/fflate/-/fflate-0.8.3.tgz",
      "integrity": "sha512-tbZNuJrLwGUp3zshBtdy4W+ORxZuIh8a5ilyIEQDC5rY1f3U20JMry0Ll3WBzU58EZKsEuJFXhb5gwv8CsPvgA==",
      "license": "MIT"
    },
    "node_modules/gifuct-js": {
      "version": "2.1.2",
      "resolved": "https://registry.npmjs.org/gifuct-js/-/gifuct-js-2.1.2.tgz",
      "integrity": "sha512-rI2asw77u0mGgwhV3qA+OEgYqaDn5UNqgs+Bx0FGwSpuqfYn+Ir6RQY5ENNQ8SbIiG/m5gVa7CD5RriO4f4Lsg==",
      "license": "MIT",
      "dependencies": {
        "js-binary-schema-parser": "^2.0.3"
      }
    },
    "node_modules/html2canvas-pro": {
      "version": "2.0.4",
      "resolved": "https://registry.npmjs.org/html2canvas-pro/-/html2canvas-pro-2.0.4.tgz",
      "integrity": "sha512-tfL8XNvuITvYQJKgAx4bvANauuLKc88C+ZSZt7HZJveqQBWjBDtkqs/It06UzlqbM+sSq7Cv45rFbuUxOFgmow==",
      "dev": true,
      "license": "MIT",
      "dependencies": {
        "css-line-break": "^2.1.0",
        "text-segmentation": "^1.0.3"
      },
      "engines": {
        "node": ">=16.0.0"
      }
    },
    "node_modules/js-binary-schema-parser": {
      "version": "2.0.3",
      "resolved": "https://registry.npmmirror.com/js-binary-schema-parser/-/js-binary-schema-parser-2.0.3.tgz",
      "integrity": "sha512-xezGJmOb4lk/M1ZZLTR/jaBHQ4gG/lqQnJqdIv4721DMggsa1bDVlHXNeHYogaIEHD9vCRv0fcL4hMA+Coarkg=="
    },
    "node_modules/require-from-string": {
      "version": "2.0.2",
      "resolved": "https://registry.npmjs.org/require-from-string/-/require-from-string-2.0.2.tgz",
      "integrity": "sha512-Xf0nWe6RseziFMu+Ap9biiUbmplq6S9/p+7w7YXP/JBHhrUDDUhwa+vANyubuqfZWTveU//DYVGsDG7RKL/vEw==",
      "license": "MIT",
      "engines": {
        "node": ">=0.10.0"
      }
    },
    "node_modules/text-segmentation": {
      "version": "1.0.3",
      "resolved": "https://registry.npmmirror.com/text-segmentation/-/text-segmentation-1.0.3.tgz",
      "integrity": "sha512-iOiPUo/BGnZ6+54OsWxZidGCsdU8YbE4PSpdPinp7DeMtUJNJBoJ/ouUSTJjHkh1KntHaltHl/gDs2FC4i5+Nw==",
      "dev": true,
      "dependencies": {
        "utrie": "^1.0.2"
      }
    },
    "node_modules/three": {
      "version": "0.184.0",
      "resolved": "https://registry.npmmirror.com/three/-/three-0.184.0.tgz",
      "integrity": "sha512-wtTRjG92pM5eUg/KuUnHsqSAlPM296brTOcLgMRqEeylYTh/CdtvKUvCyyCQTzFuStieWxvZb8mVTMvdPyUpxg=="
    },
    "node_modules/three-bvh-csg": {
      "version": "0.0.18",
      "resolved": "https://registry.npmmirror.com/three-bvh-csg/-/three-bvh-csg-0.0.18.tgz",
      "integrity": "sha512-M3GCZMmGFgASGuDf+YMamM83nVlD/vdwzVHcYbFxgW+g1S7/nKPiuY00YVHOMbjmJPh8mLevGZL65ItHUuGt2w==",
      "peerDependencies": {
        "three": ">=0.179.0",
        "three-mesh-bvh": ">=0.9.7"
      }
    },
    "node_modules/three-mesh-bvh": {
      "version": "0.9.10",
      "resolved": "https://registry.npmmirror.com/three-mesh-bvh/-/three-mesh-bvh-0.9.10.tgz",
      "integrity": "sha512-UOlTgPIeqUURcwaG8knxvBaruwZlC4X3/WSHEFO7rYvMVv/YNUrkfFEszvfj36pXV88dCHoHNnIp0PifkirnTQ==",
      "peerDependencies": {
        "three": ">= 0.159.0"
      }
    },
    "node_modules/troika-three-text": {
      "version": "0.52.4",
      "resolved": "https://registry.npmjs.org/troika-three-text/-/troika-three-text-0.52.4.tgz",
      "integrity": "sha512-V50EwcYGruV5rUZ9F4aNsrytGdKcXKALjEtQXIOBfhVoZU9VAqZNIoGQ3TMiooVqFAbR1w15T+f+8gkzoFzawg==",
      "license": "MIT",
      "dependencies": {
        "bidi-js": "^1.0.2",
        "troika-three-utils": "^0.52.4",
        "troika-worker-utils": "^0.52.0",
        "webgl-sdf-generator": "1.1.1"
      },
      "peerDependencies": {
        "three": ">=0.125.0"
      }
    },
    "node_modules/troika-three-utils": {
      "version": "0.52.4",
      "resolved": "https://registry.npmjs.org/troika-three-utils/-/troika-three-utils-0.52.4.tgz",
      "integrity": "sha512-NORAStSVa/BDiG52Mfudk4j1FG4jC4ILutB3foPnfGbOeIs9+G5vZLa0pnmnaftZUGm4UwSoqEpWdqvC7zms3A==",
      "license": "MIT",
      "peerDependencies": {
        "three": ">=0.125.0"
      }
    },
    "node_modules/troika-worker-utils": {
      "version": "0.52.0",
      "resolved": "https://registry.npmjs.org/troika-worker-utils/-/troika-worker-utils-0.52.0.tgz",
      "integrity": "sha512-W1CpvTHykaPH5brv5VHLfQo9D1OYuo0cSBEUQFFT/nBUzM8iD6Lq2/tgG/f1OelbAS1WtaTPQzE5uM49egnngw==",
      "license": "MIT"
    },
    "node_modules/utrie": {
      "version": "1.0.2",
      "resolved": "https://registry.npmmirror.com/utrie/-/utrie-1.0.2.tgz",
      "integrity": "sha512-1MLa5ouZiOmQzUbjbu9VmjLzn1QLXBhwpUa7kdLUQK+KQ5KA9I1vk5U4YHe/X2Ch7PYnJfWuWT+VbuxbGwljhw==",
      "dev": true,
      "dependencies": {
        "base64-arraybuffer": "^1.0.2"
      }
    },
    "node_modules/webgl-sdf-generator": {
      "version": "1.1.1",
      "resolved": "https://registry.npmjs.org/webgl-sdf-generator/-/webgl-sdf-generator-1.1.1.tgz",
      "integrity": "sha512-9Z0JcMTFxeE+b2x1LJTdnaT8rT8aEp7MVxkNwoycNmJWwPdzoXzMh0BjJSh/AEFP+KPYZUli814h8bJZFIZ2jA==",
      "license": "MIT"
    }
  }
}
